// !$*UTF8*$!
{
	archiveVersion = 1;
	classes = {
	};
	objectVersion = 46;
	objects = {

/* Begin PBXBuildFile section */
		18202A491DF7C32A00E2DF0A /* AppDelegate.swift in Sources */ = {isa = PBXBuildFile; fileRef = 18202A481DF7C32A00E2DF0A /* AppDelegate.swift */; };
		18202A4B1DF7C32A00E2DF0A /* ViewController.swift in Sources */ = {isa = PBXBuildFile; fileRef = 18202A4A1DF7C32A00E2DF0A /* ViewController.swift */; };
		18202A4E1DF7C32A00E2DF0A /* Main.storyboard in Resources */ = {isa = PBXBuildFile; fileRef = 18202A4C1DF7C32A00E2DF0A /* Main.storyboard */; };
		18202A501DF7C32A00E2DF0A /* Assets.xcassets in Resources */ = {isa = PBXBuildFile; fileRef = 18202A4F1DF7C32A00E2DF0A /* Assets.xcassets */; };
		18202A531DF7C32A00E2DF0A /* LaunchScreen.storyboard in Resources */ = {isa = PBXBuildFile; fileRef = 18202A511DF7C32A00E2DF0A /* LaunchScreen.storyboard */; };
		18202A5C1DF7C64300E2DF0A /* PopError.swift in Sources */ = {isa = PBXBuildFile; fileRef = 18202A5B1DF7C64300E2DF0A /* PopError.swift */; };
		18202A5E1DF7C97D00E2DF0A /* Utils.swift in Sources */ = {isa = PBXBuildFile; fileRef = 18202A5D1DF7C97D00E2DF0A /* Utils.swift */; };
		18202A601DF7E14300E2DF0A /* PopRequest.swift in Sources */ = {isa = PBXBuildFile; fileRef = 18202A5F1DF7E14300E2DF0A /* PopRequest.swift */; };
		18202A621DF7FAD900E2DF0A /* Client.swift in Sources */ = {isa = PBXBuildFile; fileRef = 18202A611DF7FAD900E2DF0A /* Client.swift */; };
		18202A721DF94BD700E2DF0A /* SessionDelegate.swift in Sources */ = {isa = PBXBuildFile; fileRef = 18202A711DF94BD700E2DF0A /* SessionDelegate.swift */; };
		18202A741DF95DCE00E2DF0A /* PopResponse.swift in Sources */ = {isa = PBXBuildFile; fileRef = 18202A731DF95DCE00E2DF0A /* PopResponse.swift */; };
		18202A781DFA994000E2DF0A /* User.swift in Sources */ = {isa = PBXBuildFile; fileRef = 18202A771DFA994000E2DF0A /* User.swift */; };
		5A1A0E141DF85AE400ADBFA2 /* Decodable.swift in Sources */ = {isa = PBXBuildFile; fileRef = 5A1A0E131DF85AE400ADBFA2 /* Decodable.swift */; };
		5ACE6D501DFD05F300188827 /* RequestAndResponse.swift in Sources */ = {isa = PBXBuildFile; fileRef = 5ACE6D4F1DFD05F300188827 /* RequestAndResponse.swift */; };
/* End PBXBuildFile section */

/* Begin PBXFileReference section */
		18202A451DF7C32A00E2DF0A /* PopNetwork.app */ = {isa = PBXFileReference; explicitFileType = wrapper.application; includeInIndex = 0; path = PopNetwork.app; sourceTree = BUILT_PRODUCTS_DIR; };
		18202A481DF7C32A00E2DF0A /* AppDelegate.swift */ = {isa = PBXFileReference; lastKnownFileType = sourcecode.swift; path = AppDelegate.swift; sourceTree = "<group>"; };
		18202A4A1DF7C32A00E2DF0A /* ViewController.swift */ = {isa = PBXFileReference; lastKnownFileType = sourcecode.swift; path = ViewController.swift; sourceTree = "<group>"; };
		18202A4D1DF7C32A00E2DF0A /* Base */ = {isa = PBXFileReference; lastKnownFileType = file.storyboard; name = Base; path = Base.lproj/Main.storyboard; sourceTree = "<group>"; };
		18202A4F1DF7C32A00E2DF0A /* Assets.xcassets */ = {isa = PBXFileReference; lastKnownFileType = folder.assetcatalog; path = Assets.xcassets; sourceTree = "<group>"; };
		18202A521DF7C32A00E2DF0A /* Base */ = {isa = PBXFileReference; lastKnownFileType = file.storyboard; name = Base; path = Base.lproj/LaunchScreen.storyboard; sourceTree = "<group>"; };
		18202A541DF7C32A00E2DF0A /* Info.plist */ = {isa = PBXFileReference; lastKnownFileType = text.plist.xml; path = Info.plist; sourceTree = "<group>"; };
		18202A5B1DF7C64300E2DF0A /* PopError.swift */ = {isa = PBXFileReference; fileEncoding = 4; lastKnownFileType = sourcecode.swift; path = PopError.swift; sourceTree = "<group>"; };
		18202A5D1DF7C97D00E2DF0A /* Utils.swift */ = {isa = PBXFileReference; fileEncoding = 4; lastKnownFileType = sourcecode.swift; path = Utils.swift; sourceTree = "<group>"; };
		18202A5F1DF7E14300E2DF0A /* PopRequest.swift */ = {isa = PBXFileReference; fileEncoding = 4; lastKnownFileType = sourcecode.swift; path = PopRequest.swift; sourceTree = "<group>"; };
		18202A611DF7FAD900E2DF0A /* Client.swift */ = {isa = PBXFileReference; fileEncoding = 4; lastKnownFileType = sourcecode.swift; path = Client.swift; sourceTree = "<group>"; };
		18202A711DF94BD700E2DF0A /* SessionDelegate.swift */ = {isa = PBXFileReference; fileEncoding = 4; lastKnownFileType = sourcecode.swift; path = SessionDelegate.swift; sourceTree = "<group>"; };
		18202A731DF95DCE00E2DF0A /* PopResponse.swift */ = {isa = PBXFileReference; fileEncoding = 4; lastKnownFileType = sourcecode.swift; path = PopResponse.swift; sourceTree = "<group>"; };
		18202A771DFA994000E2DF0A /* User.swift */ = {isa = PBXFileReference; fileEncoding = 4; lastKnownFileType = sourcecode.swift; path = User.swift; sourceTree = "<group>"; };
		5A1A0E131DF85AE400ADBFA2 /* Decodable.swift */ = {isa = PBXFileReference; fileEncoding = 4; lastKnownFileType = sourcecode.swift; path = Decodable.swift; sourceTree = "<group>"; };
		5ACE6D4F1DFD05F300188827 /* RequestAndResponse.swift */ = {isa = PBXFileReference; fileEncoding = 4; lastKnownFileType = sourcecode.swift; path = RequestAndResponse.swift; sourceTree = "<group>"; };
/* End PBXFileReference section */

/* Begin PBXFrameworksBuildPhase section */
		18202A421DF7C32A00E2DF0A /* Frameworks */ = {
			isa = PBXFrameworksBuildPhase;
			buildActionMask = 2147483647;
			files = (
			);
			runOnlyForDeploymentPostprocessing = 0;
		};
/* End PBXFrameworksBuildPhase section */

/* Begin PBXGroup section */
		18202A3C1DF7C32A00E2DF0A = {
			isa = PBXGroup;
			children = (
				18202A471DF7C32A00E2DF0A /* PopNetwork */,
				18202A461DF7C32A00E2DF0A /* Products */,
			);
			sourceTree = "<group>";
		};
		18202A461DF7C32A00E2DF0A /* Products */ = {
			isa = PBXGroup;
			children = (
				18202A451DF7C32A00E2DF0A /* PopNetwork.app */,
			);
			name = Products;
			sourceTree = "<group>";
		};
		18202A471DF7C32A00E2DF0A /* PopNetwork */ = {
			isa = PBXGroup;
			children = (
				18202A5A1DF7C63200E2DF0A /* Source */,
				18202A481DF7C32A00E2DF0A /* AppDelegate.swift */,
				18202A771DFA994000E2DF0A /* User.swift */,
				18202A4A1DF7C32A00E2DF0A /* ViewController.swift */,
				18202A4C1DF7C32A00E2DF0A /* Main.storyboard */,
				18202A4F1DF7C32A00E2DF0A /* Assets.xcassets */,
				18202A511DF7C32A00E2DF0A /* LaunchScreen.storyboard */,
				18202A541DF7C32A00E2DF0A /* Info.plist */,
			);
			path = PopNetwork;
			sourceTree = "<group>";
		};
		18202A5A1DF7C63200E2DF0A /* Source */ = {
			isa = PBXGroup;
			children = (
				18202A5B1DF7C64300E2DF0A /* PopError.swift */,
				18202A5D1DF7C97D00E2DF0A /* Utils.swift */,
				5A1A0E131DF85AE400ADBFA2 /* Decodable.swift */,
				18202A5F1DF7E14300E2DF0A /* PopRequest.swift */,
				18202A731DF95DCE00E2DF0A /* PopResponse.swift */,
				18202A611DF7FAD900E2DF0A /* Client.swift */,
				18202A711DF94BD700E2DF0A /* SessionDelegate.swift */,
				5ACE6D4F1DFD05F300188827 /* RequestAndResponse.swift */,
			);
			path = Source;
			sourceTree = "<group>";
		};
/* End PBXGroup section */

/* Begin PBXNativeTarget section */
		18202A441DF7C32A00E2DF0A /* PopNetwork */ = {
			isa = PBXNativeTarget;
			buildConfigurationList = 18202A571DF7C32A00E2DF0A /* Build configuration list for PBXNativeTarget "PopNetwork" */;
			buildPhases = (
				18202A411DF7C32A00E2DF0A /* Sources */,
				18202A421DF7C32A00E2DF0A /* Frameworks */,
				18202A431DF7C32A00E2DF0A /* Resources */,
			);
			buildRules = (
			);
			dependencies = (
			);
			name = PopNetwork;
			productName = PopNetwork;
			productReference = 18202A451DF7C32A00E2DF0A /* PopNetwork.app */;
			productType = "com.apple.product-type.application";
		};
/* End PBXNativeTarget section */

/* Begin PBXProject section */
		18202A3D1DF7C32A00E2DF0A /* Project object */ = {
			isa = PBXProject;
			attributes = {
				LastSwiftUpdateCheck = 0810;
				LastUpgradeCheck = 0810;
				ORGANIZATIONNAME = zsc;
				TargetAttributes = {
					18202A441DF7C32A00E2DF0A = {
						CreatedOnToolsVersion = 8.1;
						ProvisioningStyle = Automatic;
					};
				};
			};
			buildConfigurationList = 18202A401DF7C32A00E2DF0A /* Build configuration list for PBXProject "PopNetwork" */;
			compatibilityVersion = "Xcode 3.2";
			developmentRegion = English;
			hasScannedForEncodings = 0;
			knownRegions = (
				en,
				Base,
			);
			mainGroup = 18202A3C1DF7C32A00E2DF0A;
			productRefGroup = 18202A461DF7C32A00E2DF0A /* Products */;
			projectDirPath = "";
			projectRoot = "";
			targets = (
				18202A441DF7C32A00E2DF0A /* PopNetwork */,
			);
		};
/* End PBXProject section */

/* Begin PBXResourcesBuildPhase section */
		18202A431DF7C32A00E2DF0A /* Resources */ = {
			isa = PBXResourcesBuildPhase;
			buildActionMask = 2147483647;
			files = (
				18202A531DF7C32A00E2DF0A /* LaunchScreen.storyboard in Resources */,
				18202A501DF7C32A00E2DF0A /* Assets.xcassets in Resources */,
				18202A4E1DF7C32A00E2DF0A /* Main.storyboard in Resources */,
			);
			runOnlyForDeploymentPostprocessing = 0;
		};
/* End PBXResourcesBuildPhase section */

/* Begin PBXSourcesBuildPhase section */
		18202A411DF7C32A00E2DF0A /* Sources */ = {
			isa = PBXSourcesBuildPhase;
			buildActionMask = 2147483647;
			files = (
				18202A4B1DF7C32A00E2DF0A /* ViewController.swift in Sources */,
				18202A5C1DF7C64300E2DF0A /* PopError.swift in Sources */,
				18202A491DF7C32A00E2DF0A /* AppDelegate.swift in Sources */,
				18202A721DF94BD700E2DF0A /* SessionDelegate.swift in Sources */,
				5A1A0E141DF85AE400ADBFA2 /* Decodable.swift in Sources */,
				18202A741DF95DCE00E2DF0A /* PopResponse.swift in Sources */,
				18202A601DF7E14300E2DF0A /* PopRequest.swift in Sources */,
				18202A5E1DF7C97D00E2DF0A /* Utils.swift in Sources */,
				18202A621DF7FAD900E2DF0A /* Client.swift in Sources */,
				5ACE6D501DFD05F300188827 /* RequestAndResponse.swift in Sources */,
				18202A781DFA994000E2DF0A /* User.swift in Sources */,
			);
			runOnlyForDeploymentPostprocessing = 0;
		};
/* End PBXSourcesBuildPhase section */

/* Begin PBXVariantGroup section */
		18202A4C1DF7C32A00E2DF0A /* Main.storyboard */ = {
			isa = PBXVariantGroup;
			children = (
				18202A4D1DF7C32A00E2DF0A /* Base */,
			);
			name = Main.storyboard;
			sourceTree = "<group>";
		};
		18202A511DF7C32A00E2DF0A /* LaunchScreen.storyboard */ = {
			isa = PBXVariantGroup;
			children = (
				18202A521DF7C32A00E2DF0A /* Base */,
			);
			name = LaunchScreen.storyboard;
			sourceTree = "<group>";
		};
/* End PBXVariantGroup section */

/* Begin XCBuildConfiguration section */
		18202A551DF7C32A00E2DF0A /* Debug */ = {
			isa = XCBuildConfiguration;
			buildSettings = {
				ALWAYS_SEARCH_USER_PATHS = NO;
				CLANG_ANALYZER_NONNULL = YES;
				CLANG_CXX_LANGUAGE_STANDARD = "gnu++0x";
				CLANG_CXX_LIBRARY = "libc++";
				CLANG_ENABLE_MODULES = YES;
				CLANG_ENABLE_OBJC_ARC = YES;
				CLANG_WARN_BOOL_CONVERSION = YES;
				CLANG_WARN_CONSTANT_CONVERSION = YES;
				CLANG_WARN_DIRECT_OBJC_ISA_USAGE = YES_ERROR;
				CLANG_WARN_DOCUMENTATION_COMMENTS = YES;
				CLANG_WARN_EMPTY_BODY = YES;
				CLANG_WARN_ENUM_CONVERSION = YES;
				CLANG_WARN_INFINITE_RECURSION = YES;
				CLANG_WARN_INT_CONVERSION = YES;
				CLANG_WARN_OBJC_ROOT_CLASS = YES_ERROR;
				CLANG_WARN_SUSPICIOUS_MOVES = YES;
				CLANG_WARN_UNREACHABLE_CODE = YES;
				CLANG_WARN__DUPLICATE_METHOD_MATCH = YES;
				"CODE_SIGN_IDENTITY[sdk=iphoneos*]" = "iPhone Developer";
				COPY_PHASE_STRIP = NO;
				DEBUG_INFORMATION_FORMAT = dwarf;
				ENABLE_STRICT_OBJC_MSGSEND = YES;
				ENABLE_TESTABILITY = YES;
				GCC_C_LANGUAGE_STANDARD = gnu99;
				GCC_DYNAMIC_NO_PIC = NO;
				GCC_NO_COMMON_BLOCKS = YES;
				GCC_OPTIMIZATION_LEVEL = 0;
				GCC_PREPROCESSOR_DEFINITIONS = (
					"DEBUG=1",
					"$(inherited)",
				);
				GCC_WARN_64_TO_32_BIT_CONVERSION = YES;
				GCC_WARN_ABOUT_RETURN_TYPE = YES_ERROR;
				GCC_WARN_UNDECLARED_SELECTOR = YES;
				GCC_WARN_UNINITIALIZED_AUTOS = YES_AGGRESSIVE;
				GCC_WARN_UNUSED_FUNCTION = YES;
				GCC_WARN_UNUSED_VARIABLE = YES;
				IPHONEOS_DEPLOYMENT_TARGET = 10.1;
				MTL_ENABLE_DEBUG_INFO = YES;
				ONLY_ACTIVE_ARCH = YES;
				SDKROOT = iphoneos;
				SWIFT_ACTIVE_COMPILATION_CONDITIONS = DEBUG;
				SWIFT_OPTIMIZATION_LEVEL = "-Onone";
				TARGETED_DEVICE_FAMILY = "1,2";
			};
			name = Debug;
		};
		18202A561DF7C32A00E2DF0A /* Release */ = {
			isa = XCBuildConfiguration;
			buildSettings = {
				ALWAYS_SEARCH_USER_PATHS = NO;
				CLANG_ANALYZER_NONNULL = YES;
				CLANG_CXX_LANGUAGE_STANDARD = "gnu++0x";
				CLANG_CXX_LIBRARY = "libc++";
				CLANG_ENABLE_MODULES = YES;
				CLANG_ENABLE_OBJC_ARC = YES;
				CLANG_WARN_BOOL_CONVERSION = YES;
				CLANG_WARN_CONSTANT_CONVERSION = YES;
				CLANG_WARN_DIRECT_OBJC_ISA_USAGE = YES_ERROR;
				CLANG_WARN_DOCUMENTATION_COMMENTS = YES;
				CLANG_WARN_EMPTY_BODY = YES;
				CLANG_WARN_ENUM_CONVERSION = YES;
				CLANG_WARN_INFINITE_RECURSION = YES;
				CLANG_WARN_INT_CONVERSION = YES;
				CLANG_WARN_OBJC_ROOT_CLASS = YES_ERROR;
				CLANG_WARN_SUSPICIOUS_MOVES = YES;
				CLANG_WARN_UNREACHABLE_CODE = YES;
				CLANG_WARN__DUPLICATE_METHOD_MATCH = YES;
				"CODE_SIGN_IDENTITY[sdk=iphoneos*]" = "iPhone Developer";
				COPY_PHASE_STRIP = NO;
				DEBUG_INFORMATION_FORMAT = "dwarf-with-dsym";
				ENABLE_NS_ASSERTIONS = NO;
				ENABLE_STRICT_OBJC_MSGSEND = YES;
				GCC_C_LANGUAGE_STANDARD = gnu99;
				GCC_NO_COMMON_BLOCKS = YES;
				GCC_WARN_64_TO_32_BIT_CONVERSION = YES;
				GCC_WARN_ABOUT_RETURN_TYPE = YES_ERROR;
				GCC_WARN_UNDECLARED_SELECTOR = YES;
				GCC_WARN_UNINITIALIZED_AUTOS = YES_AGGRESSIVE;
				GCC_WARN_UNUSED_FUNCTION = YES;
				GCC_WARN_UNUSED_VARIABLE = YES;
				IPHONEOS_DEPLOYMENT_TARGET = 10.1;
				MTL_ENABLE_DEBUG_INFO = NO;
				SDKROOT = iphoneos;
				SWIFT_OPTIMIZATION_LEVEL = "-Owholemodule";
				TARGETED_DEVICE_FAMILY = "1,2";
				VALIDATE_PRODUCT = YES;
			};
			name = Release;
		};
		18202A581DF7C32A00E2DF0A /* Debug */ = {
			isa = XCBuildConfiguration;
			buildSettings = {
				ASSETCATALOG_COMPILER_APPICON_NAME = AppIcon;
				DEFINES_MODULE = YES;
				INFOPLIST_FILE = PopNetwork/Info.plist;
				LD_RUNPATH_SEARCH_PATHS = "$(inherited) @executable_path/Frameworks";
				PRODUCT_BUNDLE_IDENTIFIER = com.zsc.PopNetwork;
				PRODUCT_NAME = "$(TARGET_NAME)";
				SWIFT_VERSION = 3.0;
			};
			name = Debug;
		};
		18202A591DF7C32A00E2DF0A /* Release */ = {
			isa = XCBuildConfiguration;
			buildSettings = {
				ASSETCATALOG_COMPILER_APPICON_NAME = AppIcon;
				DEFINES_MODULE = YES;
				INFOPLIST_FILE = PopNetwork/Info.plist;
				LD_RUNPATH_SEARCH_PATHS = "$(inherited) @executable_path/Frameworks";
				PRODUCT_BUNDLE_IDENTIFIER = com.zsc.PopNetwork;
				PRODUCT_NAME = "$(TARGET_NAME)";
				SWIFT_VERSION = 3.0;
			};
			name = Release;
		};
/* End XCBuildConfiguration section */

/* Begin XCConfigurationList section */
		18202A401DF7C32A00E2DF0A /* Build configuration list for PBXProject "PopNetwork" */ = {
			isa = XCConfigurationList;
			buildConfigurations = (
				18202A551DF7C32A00E2DF0A /* Debug */,
				18202A561DF7C32A00E2DF0A /* Release */,
			);
			defaultConfigurationIsVisible = 0;
			defaultConfigurationName = Release;
		};
		18202A571DF7C32A00E2DF0A /* Build configuration list for PBXNativeTarget "PopNetwork" */ = {
			isa = XCConfigurationList;
			buildConfigurations = (
				18202A581DF7C32A00E2DF0A /* Debug */,
				18202A591DF7C32A00E2DF0A /* Release */,
			);
			defaultConfigurationIsVisible = 0;
			defaultConfigurationName = Release;
		};
/* End XCConfigurationList section */
	};
	rootObject = 18202A3D1DF7C32A00E2DF0A /* Project object */;
}
